
Microsoft Visual Studio Solution File, Format Version 12.00
# Visual Studio 15
VisualStudioVersion = 15.0.28307.1062
MinimumVisualStudioVersion = 10.0.40219.1
Project("{2150E333-8FDC-42A3-9474-1A3956D46DE8}") = "Droid", "Droid", "{E129E994-3B21-4463-925D-CC8BB2644460}"
EndProject
Project("{2150E333-8FDC-42A3-9474-1A3956D46DE8}") = "IOS", "IOS", "{F2F00306-DDD4-4A5B-BBEA-C38C5CB8B790}"
EndProject
Project("{2150E333-8FDC-42A3-9474-1A3956D46DE8}") = "Common", "Common", "{C122B49A-AB04-4881-8D5F-C189CC59E91C}"
EndProject
Project("{FAE04EC0-301F-11D3-BF4B-00C04F79EFBC}") = "Florid.Core", "Florid.Core\Florid.Core.csproj", "{90724680-1978-4627-90EE-7BBF62345E54}"
EndProject
Project("{FAE04EC0-301F-11D3-BF4B-00C04F79EFBC}") = "Florid.Staff.Droid", "Florid.Staff.Droid\Florid.Staff.Droid.csproj", "{7656A6C6-FAEA-4FB0-8F81-C6714E360C8C}"
EndProject
Project("{FAE04EC0-301F-11D3-BF4B-00C04F79EFBC}") = "Florid.Schema", "Florid.Schema\Florid.Schema.csproj", "{FB9D4177-71CF-4471-8F03-10D0C9A8CF29}"
EndProject
Project("{2150E333-8FDC-42A3-9474-1A3956D46DE8}") = "UI", "UI", "{C1FF14B6-D43D-485B-B449-A0231AE9E38F}"
EndProject
Project("{FAE04EC0-301F-11D3-BF4B-00C04F79EFBC}") = "Florid.Droid.Lib", "Florid.Droid.Lib\Florid.Droid.Lib.csproj", "{8D84DA70-9605-4B39-A280-E6C1EF0181B1}"
EndProject
Project("{FAE04EC0-301F-11D3-BF4B-00C04F79EFBC}") = "Florid.Staff.Ios", "Florid.Staff.Ios\Florid.Staff.Ios.csproj", "{DE7C15A0-D304-48D5-B729-3227ECAFBF7F}"
EndProject
Project("{9344BDBB-3E7F-41FC-A0DD-8665D75EE146}") = "Florid.PosPrinter.Lib", "Florid.PosPrinter.Lib\Florid.PosPrinter.Lib.csproj", "{012A7A6A-AC38-4901-9534-AE64184671BA}"
EndProject
Project("{9344BDBB-3E7F-41FC-A0DD-8665D75EE146}") = "Florid.Droid.Secure.Lib", "Florid.Droid.Secure.Lib\Florid.Droid.Secure.Lib.csproj", "{672CE4C2-8EBC-4384-90D8-AEB3156F99A5}"
EndProject
Project("{9344BDBB-3E7F-41FC-A0DD-8665D75EE146}") = "Florid.Droid.Htl2BitmapLib", "Florid.Droid.Htl2BitmapLib\Florid.Droid.Htl2BitmapLib.csproj", "{672C54FE-2C90-4D49-84BA-F9C4E87E9F88}"
EndProject
Project("{FAE04EC0-301F-11D3-BF4B-00C04F79EFBC}") = "Esc.PosPrinter.Lib", "Esc.PosPrinter.Lib\Esc.PosPrinter.Lib.csproj", "{6581B54F-97A8-4AB8-8A5A-0F2B590C24B1}"
EndProject
Global
	GlobalSection(SolutionConfigurationPlatforms) = preSolution
		Debug|Any CPU = Debug|Any CPU
		Debug|iPhone = Debug|iPhone
		Debug|iPhoneSimulator = Debug|iPhoneSimulator
		Release|Any CPU = Release|Any CPU
		Release|iPhone = Release|iPhone
		Release|iPhoneSimulator = Release|iPhoneSimulator
	EndGlobalSection
	GlobalSection(ProjectConfigurationPlatforms) = postSolution
		{90724680-1978-4627-90EE-7BBF62345E54}.Debug|Any CPU.ActiveCfg = Debug|Any CPU
		{90724680-1978-4627-90EE-7BBF62345E54}.Debug|Any CPU.Build.0 = Debug|Any CPU
		{90724680-1978-4627-90EE-7BBF62345E54}.Debug|iPhone.ActiveCfg = Debug|Any CPU
		{90724680-1978-4627-90EE-7BBF62345E54}.Debug|iPhone.Build.0 = Debug|Any CPU
		{90724680-1978-4627-90EE-7BBF62345E54}.Debug|iPhoneSimulator.ActiveCfg = Debug|Any CPU
		{90724680-1978-4627-90EE-7BBF62345E54}.Debug|iPhoneSimulator.Build.0 = Debug|Any CPU
		{90724680-1978-4627-90EE-7BBF62345E54}.Release|Any CPU.ActiveCfg = Release|Any CPU
		{90724680-1978-4627-90EE-7BBF62345E54}.Release|Any CPU.Build.0 = Release|Any CPU
		{90724680-1978-4627-90EE-7BBF62345E54}.Release|iPhone.ActiveCfg = Release|Any CPU
		{90724680-1978-4627-90EE-7BBF62345E54}.Release|iPhone.Build.0 = Release|Any CPU
		{90724680-1978-4627-90EE-7BBF62345E54}.Release|iPhoneSimulator.ActiveCfg = Release|Any CPU
		{90724680-1978-4627-90EE-7BBF62345E54}.Release|iPhoneSimulator.Build.0 = Release|Any CPU
		{7656A6C6-FAEA-4FB0-8F81-C6714E360C8C}.Debug|Any CPU.ActiveCfg = Debug|Any CPU
		{7656A6C6-FAEA-4FB0-8F81-C6714E360C8C}.Debug|Any CPU.Build.0 = Debug|Any CPU
		{7656A6C6-FAEA-4FB0-8F81-C6714E360C8C}.Debug|Any CPU.Deploy.0 = Debug|Any CPU
		{7656A6C6-FAEA-4FB0-8F81-C6714E360C8C}.Debug|iPhone.ActiveCfg = Debug|Any CPU
		{7656A6C6-FAEA-4FB0-8F81-C6714E360C8C}.Debug|iPhone.Build.0 = Debug|Any CPU
		{7656A6C6-FAEA-4FB0-8F81-C6714E360C8C}.Debug|iPhoneSimulator.ActiveCfg = Debug|Any CPU
		{7656A6C6-FAEA-4FB0-8F81-C6714E360C8C}.Debug|iPhoneSimulator.Build.0 = Debug|Any CPU
		{7656A6C6-FAEA-4FB0-8F81-C6714E360C8C}.Release|Any CPU.ActiveCfg = Release|Any CPU
		{7656A6C6-FAEA-4FB0-8F81-C6714E360C8C}.Release|Any CPU.Build.0 = Release|Any CPU
		{7656A6C6-FAEA-4FB0-8F81-C6714E360C8C}.Release|Any CPU.Deploy.0 = Release|Any CPU
		{7656A6C6-FAEA-4FB0-8F81-C6714E360C8C}.Release|iPhone.ActiveCfg = Release|Any CPU
		{7656A6C6-FAEA-4FB0-8F81-C6714E360C8C}.Release|iPhone.Build.0 = Release|Any CPU
		{7656A6C6-FAEA-4FB0-8F81-C6714E360C8C}.Release|iPhoneSimulator.ActiveCfg = Release|Any CPU
		{7656A6C6-FAEA-4FB0-8F81-C6714E360C8C}.Release|iPhoneSimulator.Build.0 = Release|Any CPU
		{FB9D4177-71CF-4471-8F03-10D0C9A8CF29}.Debug|Any CPU.ActiveCfg = Debug|Any CPU
		{FB9D4177-71CF-4471-8F03-10D0C9A8CF29}.Debug|Any CPU.Build.0 = Debug|Any CPU
		{FB9D4177-71CF-4471-8F03-10D0C9A8CF29}.Debug|iPhone.ActiveCfg = Debug|Any CPU
		{FB9D4177-71CF-4471-8F03-10D0C9A8CF29}.Debug|iPhone.Build.0 = Debug|Any CPU
		{FB9D4177-71CF-4471-8F03-10D0C9A8CF29}.Debug|iPhoneSimulator.ActiveCfg = Debug|Any CPU
		{FB9D4177-71CF-4471-8F03-10D0C9A8CF29}.Debug|iPhoneSimulator.Build.0 = Debug|Any CPU
		{FB9D4177-71CF-4471-8F03-10D0C9A8CF29}.Release|Any CPU.ActiveCfg = Release|Any CPU
		{FB9D4177-71CF-4471-8F03-10D0C9A8CF29}.Release|Any CPU.Build.0 = Release|Any CPU
		{FB9D4177-71CF-4471-8F03-10D0C9A8CF29}.Release|iPhone.ActiveCfg = Release|Any CPU
		{FB9D4177-71CF-4471-8F03-10D0C9A8CF29}.Release|iPhone.Build.0 = Release|Any CPU
		{FB9D4177-71CF-4471-8F03-10D0C9A8CF29}.Release|iPhoneSimulator.ActiveCfg = Release|Any CPU
		{FB9D4177-71CF-4471-8F03-10D0C9A8CF29}.Release|iPhoneSimulator.Build.0 = Release|Any CPU
		{8D84DA70-9605-4B39-A280-E6C1EF0181B1}.Debug|Any CPU.ActiveCfg = Debug|Any CPU
		{8D84DA70-9605-4B39-A280-E6C1EF0181B1}.Debug|Any CPU.Build.0 = Debug|Any CPU
		{8D84DA70-9605-4B39-A280-E6C1EF0181B1}.Debug|iPhone.ActiveCfg = Debug|Any CPU
		{8D84DA70-9605-4B39-A280-E6C1EF0181B1}.Debug|iPhone.Build.0 = Debug|Any CPU
		{8D84DA70-9605-4B39-A280-E6C1EF0181B1}.Debug|iPhoneSimulator.ActiveCfg = Debug|Any CPU
		{8D84DA70-9605-4B39-A280-E6C1EF0181B1}.Debug|iPhoneSimulator.Build.0 = Debug|Any CPU
		{8D84DA70-9605-4B39-A280-E6C1EF0181B1}.Release|Any CPU.ActiveCfg = Release|Any CPU
		{8D84DA70-9605-4B39-A280-E6C1EF0181B1}.Release|Any CPU.Build.0 = Release|Any CPU
		{8D84DA70-9605-4B39-A280-E6C1EF0181B1}.Release|iPhone.ActiveCfg = Release|Any CPU
		{8D84DA70-9605-4B39-A280-E6C1EF0181B1}.Release|iPhone.Build.0 = Release|Any CPU
		{8D84DA70-9605-4B39-A280-E6C1EF0181B1}.Release|iPhoneSimulator.ActiveCfg = Release|Any CPU
		{8D84DA70-9605-4B39-A280-E6C1EF0181B1}.Release|iPhoneSimulator.Build.0 = Release|Any CPU
		{DE7C15A0-D304-48D5-B729-3227ECAFBF7F}.Debug|Any CPU.ActiveCfg = Debug|iPhoneSimulator
		{DE7C15A0-D304-48D5-B729-3227ECAFBF7F}.Debug|Any CPU.Build.0 = Debug|iPhoneSimulator
		{DE7C15A0-D304-48D5-B729-3227ECAFBF7F}.Debug|iPhone.ActiveCfg = Debug|iPhone
		{DE7C15A0-D304-48D5-B729-3227ECAFBF7F}.Debug|iPhone.Build.0 = Debug|iPhone
		{DE7C15A0-D304-48D5-B729-3227ECAFBF7F}.Debug|iPhoneSimulator.ActiveCfg = Debug|iPhoneSimulator
		{DE7C15A0-D304-48D5-B729-3227ECAFBF7F}.Debug|iPhoneSimulator.Build.0 = Debug|iPhoneSimulator
		{DE7C15A0-D304-48D5-B729-3227ECAFBF7F}.Release|Any CPU.ActiveCfg = Release|iPhoneSimulator
		{DE7C15A0-D304-48D5-B729-3227ECAFBF7F}.Release|Any CPU.Build.0 = Release|iPhoneSimulator
		{DE7C15A0-D304-48D5-B729-3227ECAFBF7F}.Release|iPhone.ActiveCfg = Release|iPhone
		{DE7C15A0-D304-48D5-B729-3227ECAFBF7F}.Release|iPhone.Build.0 = Release|iPhone
		{DE7C15A0-D304-48D5-B729-3227ECAFBF7F}.Release|iPhoneSimulator.ActiveCfg = Release|iPhoneSimulator
		{DE7C15A0-D304-48D5-B729-3227ECAFBF7F}.Release|iPhoneSimulator.Build.0 = Release|iPhoneSimulator
		{012A7A6A-AC38-4901-9534-AE64184671BA}.Debug|Any CPU.ActiveCfg = Debug|Any CPU
		{012A7A6A-AC38-4901-9534-AE64184671BA}.Debug|Any CPU.Build.0 = Debug|Any CPU
		{012A7A6A-AC38-4901-9534-AE64184671BA}.Debug|iPhone.ActiveCfg = Debug|Any CPU
		{012A7A6A-AC38-4901-9534-AE64184671BA}.Debug|iPhone.Build.0 = Debug|Any CPU
		{012A7A6A-AC38-4901-9534-AE64184671BA}.Debug|iPhoneSimulator.ActiveCfg = Debug|Any CPU
		{012A7A6A-AC38-4901-9534-AE64184671BA}.Debug|iPhoneSimulator.Build.0 = Debug|Any CPU
		{012A7A6A-AC38-4901-9534-AE64184671BA}.Release|Any CPU.ActiveCfg = Release|Any CPU
		{012A7A6A-AC38-4901-9534-AE64184671BA}.Release|Any CPU.Build.0 = Release|Any CPU
		{012A7A6A-AC38-4901-9534-AE64184671BA}.Release|iPhone.ActiveCfg = Release|Any CPU
		{012A7A6A-AC38-4901-9534-AE64184671BA}.Release|iPhone.Build.0 = Release|Any CPU
		{012A7A6A-AC38-4901-9534-AE64184671BA}.Release|iPhoneSimulator.ActiveCfg = Release|Any CPU
		{012A7A6A-AC38-4901-9534-AE64184671BA}.Release|iPhoneSimulator.Build.0 = Release|Any CPU
		{672CE4C2-8EBC-4384-90D8-AEB3156F99A5}.Debug|Any CPU.ActiveCfg = Debug|Any CPU
		{672CE4C2-8EBC-4384-90D8-AEB3156F99A5}.Debug|Any CPU.Build.0 = Debug|Any CPU
		{672CE4C2-8EBC-4384-90D8-AEB3156F99A5}.Debug|iPhone.ActiveCfg = Debug|Any CPU
		{672CE4C2-8EBC-4384-90D8-AEB3156F99A5}.Debug|iPhone.Build.0 = Debug|Any CPU
		{672CE4C2-8EBC-4384-90D8-AEB3156F99A5}.Debug|iPhoneSimulator.ActiveCfg = Debug|Any CPU
		{672CE4C2-8EBC-4384-90D8-AEB3156F99A5}.Debug|iPhoneSimulator.Build.0 = Debug|Any CPU
		{672CE4C2-8EBC-4384-90D8-AEB3156F99A5}.Release|Any CPU.ActiveCfg = Release|Any CPU
		{672CE4C2-8EBC-4384-90D8-AEB3156F99A5}.Release|Any CPU.Build.0 = Release|Any CPU
		{672CE4C2-8EBC-4384-90D8-AEB3156F99A5}.Release|iPhone.ActiveCfg = Release|Any CPU
		{672CE4C2-8EBC-4384-90D8-AEB3156F99A5}.Release|iPhone.Build.0 = Release|Any CPU
		{672CE4C2-8EBC-4384-90D8-AEB3156F99A5}.Release|iPhoneSimulator.ActiveCfg = Release|Any CPU
		{672CE4C2-8EBC-4384-90D8-AEB3156F99A5}.Release|iPhoneSimulator.Build.0 = Release|Any CPU
		{672C54FE-2C90-4D49-84BA-F9C4E87E9F88}.Debug|Any CPU.ActiveCfg = Debug|Any CPU
		{672C54FE-2C90-4D49-84BA-F9C4E87E9F88}.Debug|Any CPU.Build.0 = Debug|Any CPU
		{672C54FE-2C90-4D49-84BA-F9C4E87E9F88}.Debug|iPhone.ActiveCfg = Debug|Any CPU
		{672C54FE-2C90-4D49-84BA-F9C4E87E9F88}.Debug|iPhone.Build.0 = Debug|Any CPU
		{672C54FE-2C90-4D49-84BA-F9C4E87E9F88}.Debug|iPhoneSimulator.ActiveCfg = Debug|Any CPU
		{672C54FE-2C90-4D49-84BA-F9C4E87E9F88}.Debug|iPhoneSimulator.Build.0 = Debug|Any CPU
		{672C54FE-2C90-4D49-84BA-F9C4E87E9F88}.Release|Any CPU.ActiveCfg = Release|Any CPU
		{672C54FE-2C90-4D49-84BA-F9C4E87E9F88}.Release|Any CPU.Build.0 = Release|Any CPU
		{672C54FE-2C90-4D49-84BA-F9C4E87E9F88}.Release|iPhone.ActiveCfg = Release|Any CPU
		{672C54FE-2C90-4D49-84BA-F9C4E87E9F88}.Release|iPhone.Build.0 = Release|Any CPU
		{672C54FE-2C90-4D49-84BA-F9C4E87E9F88}.Release|iPhoneSimulator.ActiveCfg = Release|Any CPU
		{672C54FE-2C90-4D49-84BA-F9C4E87E9F88}.Release|iPhoneSimulator.Build.0 = Release|Any CPU
		{6581B54F-97A8-4AB8-8A5A-0F2B590C24B1}.Debug|Any CPU.ActiveCfg = Debug|Any CPU
		{6581B54F-97A8-4AB8-8A5A-0F2B590C24B1}.Debug|Any CPU.Build.0 = Debug|Any CPU
		{6581B54F-97A8-4AB8-8A5A-0F2B590C24B1}.Debug|iPhone.ActiveCfg = Debug|Any CPU
		{6581B54F-97A8-4AB8-8A5A-0F2B590C24B1}.Debug|iPhone.Build.0 = Debug|Any CPU
		{6581B54F-97A8-4AB8-8A5A-0F2B590C24B1}.Debug|iPhoneSimulator.ActiveCfg = Debug|Any CPU
		{6581B54F-97A8-4AB8-8A5A-0F2B590C24B1}.Debug|iPhoneSimulator.Build.0 = Debug|Any CPU
		{6581B54F-97A8-4AB8-8A5A-0F2B590C24B1}.Release|Any CPU.ActiveCfg = Release|Any CPU
		{6581B54F-97A8-4AB8-8A5A-0F2B590C24B1}.Release|Any CPU.Build.0 = Release|Any CPU
		{6581B54F-97A8-4AB8-8A5A-0F2B590C24B1}.Release|iPhone.ActiveCfg = Release|Any CPU
		{6581B54F-97A8-4AB8-8A5A-0F2B590C24B1}.Release|iPhone.Build.0 = Release|Any CPU
		{6581B54F-97A8-4AB8-8A5A-0F2B590C24B1}.Release|iPhoneSimulator.ActiveCfg = Release|Any CPU
		{6581B54F-97A8-4AB8-8A5A-0F2B590C24B1}.Release|iPhoneSimulator.Build.0 = Release|Any CPU
	EndGlobalSection
	GlobalSection(SolutionProperties) = preSolution
		HideSolutionNode = FALSE
	EndGlobalSection
	GlobalSection(NestedProjects) = preSolution
		{90724680-1978-4627-90EE-7BBF62345E54} = {C122B49A-AB04-4881-8D5F-C189CC59E91C}
		{7656A6C6-FAEA-4FB0-8F81-C6714E360C8C} = {E129E994-3B21-4463-925D-CC8BB2644460}
		{FB9D4177-71CF-4471-8F03-10D0C9A8CF29} = {C122B49A-AB04-4881-8D5F-C189CC59E91C}
		{C1FF14B6-D43D-485B-B449-A0231AE9E38F} = {C122B49A-AB04-4881-8D5F-C189CC59E91C}
		{8D84DA70-9605-4B39-A280-E6C1EF0181B1} = {C1FF14B6-D43D-485B-B449-A0231AE9E38F}
		{DE7C15A0-D304-48D5-B729-3227ECAFBF7F} = {F2F00306-DDD4-4A5B-BBEA-C38C5CB8B790}
		{012A7A6A-AC38-4901-9534-AE64184671BA} = {C1FF14B6-D43D-485B-B449-A0231AE9E38F}
		{672CE4C2-8EBC-4384-90D8-AEB3156F99A5} = {C1FF14B6-D43D-485B-B449-A0231AE9E38F}
		{672C54FE-2C90-4D49-84BA-F9C4E87E9F88} = {C1FF14B6-D43D-485B-B449-A0231AE9E38F}
		{6581B54F-97A8-4AB8-8A5A-0F2B590C24B1} = {C1FF14B6-D43D-485B-B449-A0231AE9E38F}
	EndGlobalSection
	GlobalSection(ExtensibilityGlobals) = postSolution
		SolutionGuid = {F1618A72-3A47-41D1-87BC-E21547529477}
	EndGlobalSection
EndGlobal
